
Microsoft Visual Studio Solution File, Format Version 12.00
# Visual Studio Version 17
VisualStudioVersion = 17.11.35208.52
MinimumVisualStudioVersion = 10.0.40219.1
Project("{FAE04EC0-301F-11D3-BF4B-00C04F79EFBC}") = "EF-Migration", "EF-Migration\EF-Migration.csproj", "{82075CA7-ACDB-4A01-8471-3B86865094C0}"
EndProject
Global
	GlobalSection(SolutionConfigurationPlatforms) = preSolution
		Debug|Any CPU = Debug|Any CPU
		Release|Any CPU = Release|Any CPU
	EndGlobalSection
	GlobalSection(ProjectConfigurationPlatforms) = postSolution
		{82075CA7-ACDB-4A01-8471-3B86865094C0}.Debug|Any CPU.ActiveCfg = Debug|Any CPU
		{82075CA7-ACDB-4A01-8471-3B86865094C0}.Debug|Any CPU.Build.0 = Debug|Any CPU
		{82075CA7-ACDB-4A01-8471-3B86865094C0}.Release|Any CPU.ActiveCfg = Release|Any CPU
		{82075CA7-ACDB-4A01-8471-3B86865094C0}.Release|Any CPU.Build.0 = Release|Any CPU
	EndGlobalSection
	GlobalSection(SolutionProperties) = preSolution
		HideSolutionNode = FALSE
	EndGlobalSection
	GlobalSection(ExtensibilityGlobals) = postSolution
		SolutionGuid = {584D1F94-9F2F-4FBF-A8FA-DCA0965E036D}
	EndGlobalSection
EndGlobal
